dependencies:
  espressif/mqtt:
    component_hash: fb18bc3b65aa8c94693a9811ffc322cca8a65d92d5ec84983d3e385080e3969c
    dependencies:
    - name: idf
      require: private
      version: '>=5.3'
    source:
      registry_url: https://components.espressif.com/
      type: service
    version: 1.1.0
  idf:
    source:
      type: idf
    version: 6.0.2
  pkolt/vl53l0x:
    component_hash: 691a1bad67092302d699114ba943e5ee523f6ffbe708a69bb62c7583a74be622
    dependencies:
    - name: idf
      require: private
      version: '>=6.0'
    source:
      registry_url: https://components.espressif.com/
      type: service
    version: 1.0.0
direct_dependencies:
- espressif/mqtt
- pkolt/vl53l0x
manifest_hash: 1c889af868de7ad3384cb9cf4f00687f329b7eefb2a2d44e542739e165884200
target: esp32
version: 3.0.0
